
Microsoft Visual Studio Solution File, Format Version 12.00
# Visual Studio Version 16
VisualStudioVersion = 16.0.33027.164
MinimumVisualStudioVersion = 10.0.40219.1
Project("{FAE04EC0-301F-11D3-BF4B-00C04F79EFBC}") = "Main", "Main\Main.csproj", "{1468CE6E-54CA-4DD4-890A-81CF784242E9}"
EndProject
Project("{2150E333-8FDC-42A3-9474-1A3956D46DE8}") = "BLL", "BLL", "{C8DEAF6A-DEA5-452C-BC14-238956735B61}"
EndProject
Project("{2150E333-8FDC-42A3-9474-1A3956D46DE8}") = "DAL", "DAL", "{C3684171-CFA0-4367-826E-DDCEDAE07F0E}"
EndProject
Project("{2150E333-8FDC-42A3-9474-1A3956D46DE8}") = "Util", "Util", "{C5B80E47-404B-4FDC-A95B-9F89D07F8A47}"
EndProject
Project("{FAE04EC0-301F-11D3-BF4B-00C04F79EFBC}") = "Common", "Common\Common.csproj", "{BE3E4B8E-42A9-4E45-95C9-EF5A7355EB6B}"
EndProject
Project("{2150E333-8FDC-42A3-9474-1A3956D46DE8}") = "Model", "Model", "{A8650AD1-56BE-4BD9-A5C9-622A8E5BEA8D}"
EndProject
Project("{FAE04EC0-301F-11D3-BF4B-00C04F79EFBC}") = "Entity", "Entity\Entity.csproj", "{5C003A13-8262-4C86-B1BB-7B09A2CB6169}"
EndProject
Project("{FAE04EC0-301F-11D3-BF4B-00C04F79EFBC}") = "IDAL", "IDAL\IDAL.csproj", "{BE3C737F-E18E-4F97-A370-D1232B8232B5}"
EndProject
Project("{FAE04EC0-301F-11D3-BF4B-00C04F79EFBC}") = "DAL", "DAL\DAL.csproj", "{FBC9CF0C-BBBA-4468-9DBF-C39490656799}"
EndProject
Project("{FAE04EC0-301F-11D3-BF4B-00C04F79EFBC}") = "IBLL", "IBLL\IBLL.csproj", "{2E1CE039-9ED2-4A45-B8D2-AE7F615B38D6}"
EndProject
Project("{FAE04EC0-301F-11D3-BF4B-00C04F79EFBC}") = "BLL", "BLL\BLL.csproj", "{F3CD4E8B-6462-408E-9E72-0939DA12C27D}"
EndProject
Global
	GlobalSection(SolutionConfigurationPlatforms) = preSolution
		Debug|Any CPU = Debug|Any CPU
		Release|Any CPU = Release|Any CPU
	EndGlobalSection
	GlobalSection(ProjectConfigurationPlatforms) = postSolution
		{1468CE6E-54CA-4DD4-890A-81CF784242E9}.Debug|Any CPU.ActiveCfg = Debug|Any CPU
		{1468CE6E-54CA-4DD4-890A-81CF784242E9}.Debug|Any CPU.Build.0 = Debug|Any CPU
		{1468CE6E-54CA-4DD4-890A-81CF784242E9}.Release|Any CPU.ActiveCfg = Release|Any CPU
		{1468CE6E-54CA-4DD4-890A-81CF784242E9}.Release|Any CPU.Build.0 = Release|Any CPU
		{BE3E4B8E-42A9-4E45-95C9-EF5A7355EB6B}.Debug|Any CPU.ActiveCfg = Debug|Any CPU
		{BE3E4B8E-42A9-4E45-95C9-EF5A7355EB6B}.Debug|Any CPU.Build.0 = Debug|Any CPU
		{BE3E4B8E-42A9-4E45-95C9-EF5A7355EB6B}.Release|Any CPU.ActiveCfg = Release|Any CPU
		{BE3E4B8E-42A9-4E45-95C9-EF5A7355EB6B}.Release|Any CPU.Build.0 = Release|Any CPU
		{5C003A13-8262-4C86-B1BB-7B09A2CB6169}.Debug|Any CPU.ActiveCfg = Debug|Any CPU
		{5C003A13-8262-4C86-B1BB-7B09A2CB6169}.Debug|Any CPU.Build.0 = Debug|Any CPU
		{5C003A13-8262-4C86-B1BB-7B09A2CB6169}.Release|Any CPU.ActiveCfg = Release|Any CPU
		{5C003A13-8262-4C86-B1BB-7B09A2CB6169}.Release|Any CPU.Build.0 = Release|Any CPU
		{BE3C737F-E18E-4F97-A370-D1232B8232B5}.Debug|Any CPU.ActiveCfg = Debug|Any CPU
		{BE3C737F-E18E-4F97-A370-D1232B8232B5}.Debug|Any CPU.Build.0 = Debug|Any CPU
		{BE3C737F-E18E-4F97-A370-D1232B8232B5}.Release|Any CPU.ActiveCfg = Release|Any CPU
		{BE3C737F-E18E-4F97-A370-D1232B8232B5}.Release|Any CPU.Build.0 = Release|Any CPU
		{FBC9CF0C-BBBA-4468-9DBF-C39490656799}.Debug|Any CPU.ActiveCfg = Debug|Any CPU
		{FBC9CF0C-BBBA-4468-9DBF-C39490656799}.Debug|Any CPU.Build.0 = Debug|Any CPU
		{FBC9CF0C-BBBA-4468-9DBF-C39490656799}.Release|Any CPU.ActiveCfg = Release|Any CPU
		{FBC9CF0C-BBBA-4468-9DBF-C39490656799}.Release|Any CPU.Build.0 = Release|Any CPU
		{2E1CE039-9ED2-4A45-B8D2-AE7F615B38D6}.Debug|Any CPU.ActiveCfg = Debug|Any CPU
		{2E1CE039-9ED2-4A45-B8D2-AE7F615B38D6}.Debug|Any CPU.Build.0 = Debug|Any CPU
		{2E1CE039-9ED2-4A45-B8D2-AE7F615B38D6}.Release|Any CPU.ActiveCfg = Release|Any CPU
		{2E1CE039-9ED2-4A45-B8D2-AE7F615B38D6}.Release|Any CPU.Build.0 = Release|Any CPU
		{F3CD4E8B-6462-408E-9E72-0939DA12C27D}.Debug|Any CPU.ActiveCfg = Debug|Any CPU
		{F3CD4E8B-6462-408E-9E72-0939DA12C27D}.Debug|Any CPU.Build.0 = Debug|Any CPU
		{F3CD4E8B-6462-408E-9E72-0939DA12C27D}.Release|Any CPU.ActiveCfg = Release|Any CPU
		{F3CD4E8B-6462-408E-9E72-0939DA12C27D}.Release|Any CPU.Build.0 = Release|Any CPU
	EndGlobalSection
	GlobalSection(SolutionProperties) = preSolution
		HideSolutionNode = FALSE
	EndGlobalSection
	GlobalSection(NestedProjects) = preSolution
		{BE3E4B8E-42A9-4E45-95C9-EF5A7355EB6B} = {C5B80E47-404B-4FDC-A95B-9F89D07F8A47}
		{5C003A13-8262-4C86-B1BB-7B09A2CB6169} = {A8650AD1-56BE-4BD9-A5C9-622A8E5BEA8D}
		{BE3C737F-E18E-4F97-A370-D1232B8232B5} = {C3684171-CFA0-4367-826E-DDCEDAE07F0E}
		{FBC9CF0C-BBBA-4468-9DBF-C39490656799} = {C3684171-CFA0-4367-826E-DDCEDAE07F0E}
		{2E1CE039-9ED2-4A45-B8D2-AE7F615B38D6} = {C8DEAF6A-DEA5-452C-BC14-238956735B61}
		{F3CD4E8B-6462-408E-9E72-0939DA12C27D} = {C8DEAF6A-DEA5-452C-BC14-238956735B61}
	EndGlobalSection
	GlobalSection(ExtensibilityGlobals) = postSolution
		SolutionGuid = {E066AF3E-EA6A-4C7B-8B90-65930D993AC9}
	EndGlobalSection
EndGlobal
